{
    "version": 3,
    "terraform_version": "0.11.7",
    "serial": 5,
    "lineage": "ba8a5290-993e-3294-0fb4-a06754c15a67",
    "modules": [
        {
            "path": [
                "root"
            ],
            "outputs": {},
            "resources": {
                "aws_default_route_table.default": {
                    "type": "aws_default_route_table",
                    "depends_on": [
                        "aws_instance.nat",
                        "aws_vpc.default"
                    ],
                    "primary": {
                        "id": "rtb-0124a3623d7105920",
                        "attributes": {
                            "default_route_table_id": "rtb-0124a3623d7105920",
                            "id": "rtb-0124a3623d7105920",
                            "propagating_vgws.#": "0",
                            "route.#": "1",
                            "route.1921866611.cidr_block": "0.0.0.0/0",
                            "route.1921866611.egress_only_gateway_id": "",
                            "route.1921866611.gateway_id": "",
                            "route.1921866611.instance_id": "i-070c393cbbbdec499",
                            "route.1921866611.ipv6_cidr_block": "",
                            "route.1921866611.nat_gateway_id": "",
                            "route.1921866611.network_interface_id": "eni-0a605a9ef5fe604c5",
                            "route.1921866611.vpc_peering_connection_id": "",
                            "tags.%": "1",
                            "tags.Name": "Default RT",
                            "vpc_id": "vpc-0841432058f11bd76"
                        },
                        "meta": {},
                        "tainted": false
                    },
                    "deposed": [],
                    "provider": "provider.aws"
                },
                "aws_instance.nat": {
                    "type": "aws_instance",
                    "depends_on": [
                        "aws_key_pair.default",
                        "aws_security_group.natsg",
                        "aws_subnet.public-subnet"
                    ],
                    "primary": {
                        "id": "i-070c393cbbbdec499",
                        "attributes": {
                            "ami": "ami-0032ea5ae08aa27a2",
                            "arn": "arn:aws:ec2:us-west-2:148001421579:instance/i-070c393cbbbdec499",
                            "associate_public_ip_address": "true",
                            "availability_zone": "us-west-2b",
                            "cpu_core_count": "1",
                            "cpu_threads_per_core": "1",
                            "credit_specification.#": "1",
                            "credit_specification.0.cpu_credits": "standard",
                            "disable_api_termination": "false",
                            "ebs_block_device.#": "0",
                            "ebs_optimized": "false",
                            "ephemeral_block_device.#": "0",
                            "get_password_data": "false",
                            "iam_instance_profile": "",
                            "id": "i-070c393cbbbdec499",
                            "instance_state": "running",
                            "instance_type": "t2.micro",
                            "ipv6_addresses.#": "0",
                            "key_name": "ec2",
                            "monitoring": "false",
                            "network_interface.#": "0",
                            "network_interface_id": "eni-0a605a9ef5fe604c5",
                            "password_data": "",
                            "placement_group": "",
                            "primary_network_interface_id": "eni-0a605a9ef5fe604c5",
                            "private_dns": "ip-10-0-2-152.us-west-2.compute.internal",
                            "private_ip": "10.0.2.152",
                            "public_dns": "",
                            "public_ip": "34.209.118.21",
                            "root_block_device.#": "1",
                            "root_block_device.0.delete_on_termination": "true",
                            "root_block_device.0.iops": "0",
                            "root_block_device.0.volume_id": "vol-051429dcd69866a5a",
                            "root_block_device.0.volume_size": "8",
                            "root_block_device.0.volume_type": "standard",
                            "security_groups.#": "0",
                            "source_dest_check": "false",
                            "subnet_id": "subnet-00fff95d4e1af6ec9",
                            "tags.%": "1",
                            "tags.Name": "nat",
                            "tenancy": "default",
                            "volume_tags.%": "0",
                            "vpc_security_group_ids.#": "1",
                            "vpc_security_group_ids.1258589285": "sg-0871931810ef72bd7"
                        },
                        "meta": {
                            "e2bfb730-ecaa-11e6-8f88-34363bc7c4c0": {
                                "create": 600000000000,
                                "delete": 1200000000000,
                                "update": 600000000000
                            },
                            "schema_version": "1"
                        },
                        "tainted": false
                    },
                    "deposed": [],
                    "provider": "provider.aws"
                },
                "aws_instance.test": {
                    "type": "aws_instance",
                    "depends_on": [
                        "aws_key_pair.default",
                        "aws_security_group.test",
                        "aws_subnet.private-subnet"
                    ],
                    "primary": {
                        "id": "i-0c0d852d3da076237",
                        "attributes": {
                            "ami": "ami-6cd6f714",
                            "arn": "arn:aws:ec2:us-west-2:148001421579:instance/i-0c0d852d3da076237",
                            "associate_public_ip_address": "false",
                            "availability_zone": "us-west-2b",
                            "cpu_core_count": "1",
                            "cpu_threads_per_core": "1",
                            "credit_specification.#": "1",
                            "credit_specification.0.cpu_credits": "standard",
                            "disable_api_termination": "false",
                            "ebs_block_device.#": "0",
                            "ebs_optimized": "false",
                            "ephemeral_block_device.#": "0",
                            "get_password_data": "false",
                            "iam_instance_profile": "",
                            "id": "i-0c0d852d3da076237",
                            "instance_state": "running",
                            "instance_type": "t2.micro",
                            "ipv6_addresses.#": "0",
                            "key_name": "ec2",
                            "monitoring": "false",
                            "network_interface.#": "0",
                            "network_interface_id": "eni-0f918623476c151d3",
                            "password_data": "",
                            "placement_group": "",
                            "primary_network_interface_id": "eni-0f918623476c151d3",
                            "private_dns": "ip-10-0-1-173.us-west-2.compute.internal",
                            "private_ip": "10.0.1.173",
                            "public_dns": "",
                            "public_ip": "",
                            "root_block_device.#": "1",
                            "root_block_device.0.delete_on_termination": "true",
                            "root_block_device.0.iops": "100",
                            "root_block_device.0.volume_id": "vol-0865b0562788b1b4b",
                            "root_block_device.0.volume_size": "8",
                            "root_block_device.0.volume_type": "gp2",
                            "security_groups.#": "0",
                            "source_dest_check": "true",
                            "subnet_id": "subnet-0d1eddde13bba5339",
                            "tags.%": "1",
                            "tags.Name": "test",
                            "tenancy": "default",
                            "volume_tags.%": "0",
                            "vpc_security_group_ids.#": "1",
                            "vpc_security_group_ids.3293839024": "sg-01bef97578d0e61d6"
                        },
                        "meta": {
                            "e2bfb730-ecaa-11e6-8f88-34363bc7c4c0": {
                                "create": 600000000000,
                                "delete": 1200000000000,
                                "update": 600000000000
                            },
                            "schema_version": "1"
                        },
                        "tainted": false
                    },
                    "deposed": [],
                    "provider": "provider.aws"
                },
                "aws_internet_gateway.natgw": {
                    "type": "aws_internet_gateway",
                    "depends_on": [
                        "aws_vpc.default"
                    ],
                    "primary": {
                        "id": "igw-0b708d96a38f5061c",
                        "attributes": {
                            "id": "igw-0b708d96a38f5061c",
                            "tags.%": "1",
                            "tags.Name": "NAT IGW",
                            "vpc_id": "vpc-0841432058f11bd76"
                        },
                        "meta": {},
                        "tainted": false
                    },
                    "deposed": [],
                    "provider": "provider.aws"
                },
                "aws_key_pair.default": {
                    "type": "aws_key_pair",
                    "depends_on": [],
                    "primary": {
                        "id": "ec2",
                        "attributes": {
                            "id": "ec2",
                            "key_name": "ec2",
                            "public_key": "ssh-rsa AAAAB3NzaC1yc2EAAAADAQABAAABAQDeoSmJKjuwsnl9kKIS9eHRjNVgWpSlNh4I+PQqj43Ktjx0E1SqBCpjJcjHplcgKaYWFRREQtuu1NeZK1aKBE+MkZHN7ociTy9IFs1mKcHcA4sTGfLYu9knneIX9OZGg6v+HQhkQVWUDlZa5mOwv+69Eh3e5pa5+s6HQZPLy4hBLU+jRyVIVPWsHwypKmXr9yyw5BIBGlUePd0DGFSd1Y6pGchDB2edPKexwO48wvzTa5ew4HZ5I9luEsxEYvJCp9wjpLbATU1Z/G0OuvfdSiWTirkrv10wdQWdiAQXdLKurdzMxriO1K3nVGPHhY88KBjRxDXvWkIt2Q1totSQP9zf lila@lila-PC"
                        },
                        "meta": {
                            "schema_version": "1"
                        },
                        "tainted": false
                    },
                    "deposed": [],
                    "provider": "provider.aws"
                },
                "aws_route_table.publicsub": {
                    "type": "aws_route_table",
                    "depends_on": [
                        "aws_internet_gateway.natgw",
                        "aws_vpc.default"
                    ],
                    "primary": {
                        "id": "rtb-03220b1ee3778b50b",
                        "attributes": {
                            "id": "rtb-03220b1ee3778b50b",
                            "propagating_vgws.#": "0",
                            "route.#": "1",
                            "route.3866415305.cidr_block": "0.0.0.0/0",
                            "route.3866415305.egress_only_gateway_id": "",
                            "route.3866415305.gateway_id": "igw-0b708d96a38f5061c",
                            "route.3866415305.instance_id": "",
                            "route.3866415305.ipv6_cidr_block": "",
                            "route.3866415305.nat_gateway_id": "",
                            "route.3866415305.network_interface_id": "",
                            "route.3866415305.vpc_peering_connection_id": "",
                            "tags.%": "1",
                            "tags.Name": "Public Subnet RT",
                            "vpc_id": "vpc-0841432058f11bd76"
                        },
                        "meta": {},
                        "tainted": false
                    },
                    "deposed": [],
                    "provider": "provider.aws"
                },
                "aws_route_table_association.main": {
                    "type": "aws_route_table_association",
                    "depends_on": [
                        "aws_default_route_table.default",
                        "aws_subnet.private-subnet"
                    ],
                    "primary": {
                        "id": "rtbassoc-0a038e2b5731079c4",
                        "attributes": {
                            "id": "rtbassoc-0a038e2b5731079c4",
                            "route_table_id": "rtb-0124a3623d7105920",
                            "subnet_id": "subnet-0d1eddde13bba5339"
                        },
                        "meta": {},
                        "tainted": false
                    },
                    "deposed": [],
                    "provider": "provider.aws"
                },
                "aws_route_table_association.publicsub": {
                    "type": "aws_route_table_association",
                    "depends_on": [
                        "aws_route_table.publicsub",
                        "aws_subnet.public-subnet"
                    ],
                    "primary": {
                        "id": "rtbassoc-0bb4c0388f8276186",
                        "attributes": {
                            "id": "rtbassoc-0bb4c0388f8276186",
                            "route_table_id": "rtb-03220b1ee3778b50b",
                            "subnet_id": "subnet-00fff95d4e1af6ec9"
                        },
                        "meta": {},
                        "tainted": false
                    },
                    "deposed": [],
                    "provider": "provider.aws"
                },
                "aws_security_group.natsg": {
                    "type": "aws_security_group",
                    "depends_on": [
                        "aws_vpc.default"
                    ],
                    "primary": {
                        "id": "sg-0871931810ef72bd7",
                        "attributes": {
                            "arn": "arn:aws:ec2:us-west-2:148001421579:security-group/sg-0871931810ef72bd7",
                            "description": "SG for NAT instance",
                            "egress.#": "1",
                            "egress.482069346.cidr_blocks.#": "1",
                            "egress.482069346.cidr_blocks.0": "0.0.0.0/0",
                            "egress.482069346.description": "",
                            "egress.482069346.from_port": "0",
                            "egress.482069346.ipv6_cidr_blocks.#": "0",
                            "egress.482069346.prefix_list_ids.#": "0",
                            "egress.482069346.protocol": "-1",
                            "egress.482069346.security_groups.#": "0",
                            "egress.482069346.self": "false",
                            "egress.482069346.to_port": "0",
                            "id": "sg-0871931810ef72bd7",
                            "ingress.#": "4",
                            "ingress.2541437006.cidr_blocks.#": "1",
                            "ingress.2541437006.cidr_blocks.0": "0.0.0.0/0",
                            "ingress.2541437006.description": "",
                            "ingress.2541437006.from_port": "22",
                            "ingress.2541437006.ipv6_cidr_blocks.#": "0",
                            "ingress.2541437006.protocol": "tcp",
                            "ingress.2541437006.security_groups.#": "0",
                            "ingress.2541437006.self": "false",
                            "ingress.2541437006.to_port": "22",
                            "ingress.3068409405.cidr_blocks.#": "1",
                            "ingress.3068409405.cidr_blocks.0": "0.0.0.0/0",
                            "ingress.3068409405.description": "",
                            "ingress.3068409405.from_port": "8",
                            "ingress.3068409405.ipv6_cidr_blocks.#": "0",
                            "ingress.3068409405.protocol": "icmp",
                            "ingress.3068409405.security_groups.#": "0",
                            "ingress.3068409405.self": "false",
                            "ingress.3068409405.to_port": "0",
                            "ingress.386650288.cidr_blocks.#": "1",
                            "ingress.386650288.cidr_blocks.0": "10.0.1.0/24",
                            "ingress.386650288.description": "",
                            "ingress.386650288.from_port": "80",
                            "ingress.386650288.ipv6_cidr_blocks.#": "0",
                            "ingress.386650288.protocol": "tcp",
                            "ingress.386650288.security_groups.#": "0",
                            "ingress.386650288.self": "false",
                            "ingress.386650288.to_port": "80",
                            "ingress.4211794038.cidr_blocks.#": "1",
                            "ingress.4211794038.cidr_blocks.0": "10.0.1.0/24",
                            "ingress.4211794038.description": "",
                            "ingress.4211794038.from_port": "443",
                            "ingress.4211794038.ipv6_cidr_blocks.#": "0",
                            "ingress.4211794038.protocol": "tcp",
                            "ingress.4211794038.security_groups.#": "0",
                            "ingress.4211794038.self": "false",
                            "ingress.4211794038.to_port": "443",
                            "name": "natsg",
                            "owner_id": "148001421579",
                            "revoke_rules_on_delete": "false",
                            "tags.%": "0",
                            "vpc_id": "vpc-0841432058f11bd76"
                        },
                        "meta": {
                            "e2bfb730-ecaa-11e6-8f88-34363bc7c4c0": {
                                "create": 600000000000,
                                "delete": 600000000000
                            },
                            "schema_version": "1"
                        },
                        "tainted": false
                    },
                    "deposed": [],
                    "provider": "provider.aws"
                },
                "aws_security_group.test": {
                    "type": "aws_security_group",
                    "depends_on": [
                        "aws_vpc.default"
                    ],
                    "primary": {
                        "id": "sg-01bef97578d0e61d6",
                        "attributes": {
                            "arn": "arn:aws:ec2:us-west-2:148001421579:security-group/sg-01bef97578d0e61d6",
                            "description": "SG for test instance",
                            "egress.#": "1",
                            "egress.482069346.cidr_blocks.#": "1",
                            "egress.482069346.cidr_blocks.0": "0.0.0.0/0",
                            "egress.482069346.description": "",
                            "egress.482069346.from_port": "0",
                            "egress.482069346.ipv6_cidr_blocks.#": "0",
                            "egress.482069346.prefix_list_ids.#": "0",
                            "egress.482069346.protocol": "-1",
                            "egress.482069346.security_groups.#": "0",
                            "egress.482069346.self": "false",
                            "egress.482069346.to_port": "0",
                            "id": "sg-01bef97578d0e61d6",
                            "ingress.#": "3",
                            "ingress.2541437006.cidr_blocks.#": "1",
                            "ingress.2541437006.cidr_blocks.0": "0.0.0.0/0",
                            "ingress.2541437006.description": "",
                            "ingress.2541437006.from_port": "22",
                            "ingress.2541437006.ipv6_cidr_blocks.#": "0",
                            "ingress.2541437006.protocol": "tcp",
                            "ingress.2541437006.security_groups.#": "0",
                            "ingress.2541437006.self": "false",
                            "ingress.2541437006.to_port": "22",
                            "ingress.3068409405.cidr_blocks.#": "1",
                            "ingress.3068409405.cidr_blocks.0": "0.0.0.0/0",
                            "ingress.3068409405.description": "",
                            "ingress.3068409405.from_port": "8",
                            "ingress.3068409405.ipv6_cidr_blocks.#": "0",
                            "ingress.3068409405.protocol": "icmp",
                            "ingress.3068409405.security_groups.#": "0",
                            "ingress.3068409405.self": "false",
                            "ingress.3068409405.to_port": "0",
                            "ingress.3483629482.cidr_blocks.#": "1",
                            "ingress.3483629482.cidr_blocks.0": "0.0.0.0/0",
                            "ingress.3483629482.description": "",
                            "ingress.3483629482.from_port": "0",
                            "ingress.3483629482.ipv6_cidr_blocks.#": "0",
                            "ingress.3483629482.protocol": "tcp",
                            "ingress.3483629482.security_groups.#": "0",
                            "ingress.3483629482.self": "false",
                            "ingress.3483629482.to_port": "0",
                            "name": "test",
                            "owner_id": "148001421579",
                            "revoke_rules_on_delete": "false",
                            "tags.%": "0",
                            "vpc_id": "vpc-0841432058f11bd76"
                        },
                        "meta": {
                            "e2bfb730-ecaa-11e6-8f88-34363bc7c4c0": {
                                "create": 600000000000,
                                "delete": 600000000000
                            },
                            "schema_version": "1"
                        },
                        "tainted": false
                    },
                    "deposed": [],
                    "provider": "provider.aws"
                },
                "aws_subnet.private-subnet": {
                    "type": "aws_subnet",
                    "depends_on": [
                        "aws_vpc.default"
                    ],
                    "primary": {
                        "id": "subnet-0d1eddde13bba5339",
                        "attributes": {
                            "arn": "arn:aws:ec2:us-west-2:148001421579:subnet/subnet-0d1eddde13bba5339",
                            "assign_ipv6_address_on_creation": "false",
                            "availability_zone": "us-west-2b",
                            "cidr_block": "10.0.1.0/24",
                            "id": "subnet-0d1eddde13bba5339",
                            "map_public_ip_on_launch": "false",
                            "tags.%": "1",
                            "tags.Name": "private",
                            "vpc_id": "vpc-0841432058f11bd76"
                        },
                        "meta": {
                            "schema_version": "1"
                        },
                        "tainted": false
                    },
                    "deposed": [],
                    "provider": "provider.aws"
                },
                "aws_subnet.public-subnet": {
                    "type": "aws_subnet",
                    "depends_on": [
                        "aws_vpc.default"
                    ],
                    "primary": {
                        "id": "subnet-00fff95d4e1af6ec9",
                        "attributes": {
                            "arn": "arn:aws:ec2:us-west-2:148001421579:subnet/subnet-00fff95d4e1af6ec9",
                            "assign_ipv6_address_on_creation": "false",
                            "availability_zone": "us-west-2b",
                            "cidr_block": "10.0.2.0/24",
                            "id": "subnet-00fff95d4e1af6ec9",
                            "map_public_ip_on_launch": "true",
                            "tags.%": "1",
                            "tags.Name": "public",
                            "vpc_id": "vpc-0841432058f11bd76"
                        },
                        "meta": {
                            "schema_version": "1"
                        },
                        "tainted": false
                    },
                    "deposed": [],
                    "provider": "provider.aws"
                },
                "aws_vpc.default": {
                    "type": "aws_vpc",
                    "depends_on": [],
                    "primary": {
                        "id": "vpc-0841432058f11bd76",
                        "attributes": {
                            "arn": "arn:aws:ec2:us-west-2:148001421579:vpc/vpc-0841432058f11bd76",
                            "assign_generated_ipv6_cidr_block": "false",
                            "cidr_block": "10.0.0.0/16",
                            "default_network_acl_id": "acl-0dc13173dade45b12",
                            "default_route_table_id": "rtb-0124a3623d7105920",
                            "default_security_group_id": "sg-0391bb186a4832407",
                            "dhcp_options_id": "dopt-1e9cb878",
                            "enable_classiclink": "false",
                            "enable_classiclink_dns_support": "false",
                            "enable_dns_hostnames": "false",
                            "enable_dns_support": "true",
                            "id": "vpc-0841432058f11bd76",
                            "instance_tenancy": "default",
                            "main_route_table_id": "rtb-0124a3623d7105920",
                            "tags.%": "1",
                            "tags.Name": "default"
                        },
                        "meta": {
                            "schema_version": "1"
                        },
                        "tainted": false
                    },
                    "deposed": [],
                    "provider": "provider.aws"
                }
            },
            "depends_on": []
        }
    ]
}
